// !$*UTF8*$!
{
	archiveVersion = 1;
	classes = {
	};
	objectVersion = 46;
	objects = {

/* Begin PBXBuildFile section */
		06CCE39C1C0D8C4A00DB9F69 /* main.m in Sources */ = {isa = PBXBuildFile; fileRef = 06CCE39B1C0D8C4A00DB9F69 /* main.m */; };
		06CCE39F1C0D8C4A00DB9F69 /* AppDelegate.m in Sources */ = {isa = PBXBuildFile; fileRef = 06CCE39E1C0D8C4A00DB9F69 /* AppDelegate.m */; };
		06CCE3A21C0D8C4A00DB9F69 /* ViewController.m in Sources */ = {isa = PBXBuildFile; fileRef = 06CCE3A11C0D8C4A00DB9F69 /* ViewController.m */; };
		06CCE3A51C0D8C4A00DB9F69 /* Main.storyboard in Resources */ = {isa = PBXBuildFile; fileRef = 06CCE3A31C0D8C4A00DB9F69 /* Main.storyboard */; };
		06CCE3A71C0D8C4A00DB9F69 /* Assets.xcassets in Resources */ = {isa = PBXBuildFile; fileRef = 06CCE3A61C0D8C4A00DB9F69 /* Assets.xcassets */; };
		06CCE3AA1C0D8C4A00DB9F69 /* LaunchScreen.storyboard in Resources */ = {isa = PBXBuildFile; fileRef = 06CCE3A81C0D8C4A00DB9F69 /* LaunchScreen.storyboard */; };
		06CCE3B51C0D8C4A00DB9F69 /* AliPayDemoTests.m in Sources */ = {isa = PBXBuildFile; fileRef = 06CCE3B41C0D8C4A00DB9F69 /* AliPayDemoTests.m */; };
		06CCE3C01C0D8C4A00DB9F69 /* AliPayDemoUITests.m in Sources */ = {isa = PBXBuildFile; fileRef = 06CCE3BF1C0D8C4A00DB9F69 /* AliPayDemoUITests.m */; };
/* End PBXBuildFile section */

/* Begin PBXContainerItemProxy section */
		06CCE3B11C0D8C4A00DB9F69 /* PBXContainerItemProxy */ = {
			isa = PBXContainerItemProxy;
			containerPortal = 06CCE38F1C0D8C4A00DB9F69 /* Project object */;
			proxyType = 1;
			remoteGlobalIDString = 06CCE3961C0D8C4A00DB9F69;
			remoteInfo = AliPayDemo;
		};
		06CCE3BC1C0D8C4A00DB9F69 /* PBXContainerItemProxy */ = {
			isa = PBXContainerItemProxy;
			containerPortal = 06CCE38F1C0D8C4A00DB9F69 /* Project object */;
			proxyType = 1;
			remoteGlobalIDString = 06CCE3961C0D8C4A00DB9F69;
			remoteInfo = AliPayDemo;
		};
/* End PBXContainerItemProxy section */

/* Begin PBXFileReference section */
		06CCE3971C0D8C4A00DB9F69 /* AliPayDemo.app */ = {isa = PBXFileReference; explicitFileType = wrapper.application; includeInIndex = 0; path = AliPayDemo.app; sourceTree = BUILT_PRODUCTS_DIR; };
		06CCE39B1C0D8C4A00DB9F69 /* main.m */ = {isa = PBXFileReference; lastKnownFileType = sourcecode.c.objc; path = main.m; sourceTree = "<group>"; };
		06CCE39D1C0D8C4A00DB9F69 /* AppDelegate.h */ = {isa = PBXFileReference; lastKnownFileType = sourcecode.c.h; path = AppDelegate.h; sourceTree = "<group>"; };
		06CCE39E1C0D8C4A00DB9F69 /* AppDelegate.m */ = {isa = PBXFileReference; lastKnownFileType = sourcecode.c.objc; path = AppDelegate.m; sourceTree = "<group>"; };
		06CCE3A01C0D8C4A00DB9F69 /* ViewController.h */ = {isa = PBXFileReference; lastKnownFileType = sourcecode.c.h; path = ViewController.h; sourceTree = "<group>"; };
		06CCE3A11C0D8C4A00DB9F69 /* ViewController.m */ = {isa = PBXFileReference; lastKnownFileType = sourcecode.c.objc; path = ViewController.m; sourceTree = "<group>"; };
		06CCE3A41C0D8C4A00DB9F69 /* Base */ = {isa = PBXFileReference; lastKnownFileType = file.storyboard; name = Base; path = Base.lproj/Main.storyboard; sourceTree = "<group>"; };
		06CCE3A61C0D8C4A00DB9F69 /* Assets.xcassets */ = {isa = PBXFileReference; lastKnownFileType = folder.assetcatalog; path = Assets.xcassets; sourceTree = "<group>"; };
		06CCE3A91C0D8C4A00DB9F69 /* Base */ = {isa = PBXFileReference; lastKnownFileType = file.storyboard; name = Base; path = Base.lproj/LaunchScreen.storyboard; sourceTree = "<group>"; };
		06CCE3AB1C0D8C4A00DB9F69 /* Info.plist */ = {isa = PBXFileReference; lastKnownFileType = text.plist.xml; path = Info.plist; sourceTree = "<group>"; };
		06CCE3B01C0D8C4A00DB9F69 /* AliPayDemoTests.xctest */ = {isa = PBXFileReference; explicitFileType = wrapper.cfbundle; includeInIndex = 0; path = AliPayDemoTests.xctest; sourceTree = BUILT_PRODUCTS_DIR; };
		06CCE3B41C0D8C4A00DB9F69 /* AliPayDemoTests.m */ = {isa = PBXFileReference; lastKnownFileType = sourcecode.c.objc; path = AliPayDemoTests.m; sourceTree = "<group>"; };
		06CCE3B61C0D8C4A00DB9F69 /* Info.plist */ = {isa = PBXFileReference; lastKnownFileType = text.plist.xml; path = Info.plist; sourceTree = "<group>"; };
		06CCE3BB1C0D8C4A00DB9F69 /* AliPayDemoUITests.xctest */ = {isa = PBXFileReference; explicitFileType = wrapper.cfbundle; includeInIndex = 0; path = AliPayDemoUITests.xctest; sourceTree = BUILT_PRODUCTS_DIR; };
		06CCE3BF1C0D8C4A00DB9F69 /* AliPayDemoUITests.m */ = {isa = PBXFileReference; lastKnownFileType = sourcecode.c.objc; path = AliPayDemoUITests.m; sourceTree = "<group>"; };
		06CCE3C11C0D8C4A00DB9F69 /* Info.plist */ = {isa = PBXFileReference; lastKnownFileType = text.plist.xml; path = Info.plist; sourceTree = "<group>"; };
/* End PBXFileReference section */

/* Begin PBXFrameworksBuildPhase section */
		06CCE3941C0D8C4A00DB9F69 /* Frameworks */ = {
			isa = PBXFrameworksBuildPhase;
			buildActionMask = 2147483647;
			files = (
			);
			runOnlyForDeploymentPostprocessing = 0;
		};
		06CCE3AD1C0D8C4A00DB9F69 /* Frameworks */ = {
			isa = PBXFrameworksBuildPhase;
			buildActionMask = 2147483647;
			files = (
			);
			runOnlyForDeploymentPostprocessing = 0;
		};
		06CCE3B81C0D8C4A00DB9F69 /* Frameworks */ = {
			isa = PBXFrameworksBuildPhase;
			buildActionMask = 2147483647;
			files = (
			);
			runOnlyForDeploymentPostprocessing = 0;
		};
/* End PBXFrameworksBuildPhase section */

/* Begin PBXGroup section */
		06CCE38E1C0D8C4A00DB9F69 = {
			isa = PBXGroup;
			children = (
				06CCE3991C0D8C4A00DB9F69 /* AliPayDemo */,
				06CCE3B31C0D8C4A00DB9F69 /* AliPayDemoTests */,
				06CCE3BE1C0D8C4A00DB9F69 /* AliPayDemoUITests */,
				06CCE3981C0D8C4A00DB9F69 /* Products */,
			);
			sourceTree = "<group>";
		};
		06CCE3981C0D8C4A00DB9F69 /* Products */ = {
			isa = PBXGroup;
			children = (
				06CCE3971C0D8C4A00DB9F69 /* AliPayDemo.app */,
				06CCE3B01C0D8C4A00DB9F69 /* AliPayDemoTests.xctest */,
				06CCE3BB1C0D8C4A00DB9F69 /* AliPayDemoUITests.xctest */,
			);
			name = Products;
			sourceTree = "<group>";
		};
		06CCE3991C0D8C4A00DB9F69 /* AliPayDemo */ = {
			isa = PBXGroup;
			children = (
				06CCE39D1C0D8C4A00DB9F69 /* AppDelegate.h */,
				06CCE39E1C0D8C4A00DB9F69 /* AppDelegate.m */,
				06CCE3A01C0D8C4A00DB9F69 /* ViewController.h */,
				06CCE3A11C0D8C4A00DB9F69 /* ViewController.m */,
				06CCE3A31C0D8C4A00DB9F69 /* Main.storyboard */,
				06CCE3A61C0D8C4A00DB9F69 /* Assets.xcassets */,
				06CCE3A81C0D8C4A00DB9F69 /* LaunchScreen.storyboard */,
				06CCE3AB1C0D8C4A00DB9F69 /* Info.plist */,
				06CCE39A1C0D8C4A00DB9F69 /* Supporting Files */,
			);
			path = AliPayDemo;
			sourceTree = "<group>";
		};
		06CCE39A1C0D8C4A00DB9F69 /* Supporting Files */ = {
			isa = PBXGroup;
			children = (
				06CCE39B1C0D8C4A00DB9F69 /* main.m */,
			);
			name = "Supporting Files";
			sourceTree = "<group>";
		};
		06CCE3B31C0D8C4A00DB9F69 /* AliPayDemoTests */ = {
			isa = PBXGroup;
			children = (
				06CCE3B41C0D8C4A00DB9F69 /* AliPayDemoTests.m */,
				06CCE3B61C0D8C4A00DB9F69 /* Info.plist */,
			);
			path = AliPayDemoTests;
			sourceTree = "<group>";
		};
		06CCE3BE1C0D8C4A00DB9F69 /* AliPayDemoUITests */ = {
			isa = PBXGroup;
			children = (
				06CCE3BF1C0D8C4A00DB9F69 /* AliPayDemoUITests.m */,
				06CCE3C11C0D8C4A00DB9F69 /* Info.plist */,
			);
			path = AliPayDemoUITests;
			sourceTree = "<group>";
		};
/* End PBXGroup section */

/* Begin PBXNativeTarget section */
		06CCE3961C0D8C4A00DB9F69 /* AliPayDemo */ = {
			isa = PBXNativeTarget;
			buildConfigurationList = 06CCE3C41C0D8C4A00DB9F69 /* Build configuration list for PBXNativeTarget "AliPayDemo" */;
			buildPhases = (
				06CCE3931C0D8C4A00DB9F69 /* Sources */,
				06CCE3941C0D8C4A00DB9F69 /* Frameworks */,
				06CCE3951C0D8C4A00DB9F69 /* Resources */,
			);
			buildRules = (
			);
			dependencies = (
			);
			name = AliPayDemo;
			productName = AliPayDemo;
			productReference = 06CCE3971C0D8C4A00DB9F69 /* AliPayDemo.app */;
			productType = "com.apple.product-type.application";
		};
		06CCE3AF1C0D8C4A00DB9F69 /* AliPayDemoTests */ = {
			isa = PBXNativeTarget;
			buildConfigurationList = 06CCE3C71C0D8C4A00DB9F69 /* Build configuration list for PBXNativeTarget "AliPayDemoTests" */;
			buildPhases = (
				06CCE3AC1C0D8C4A00DB9F69 /* Sources */,
				06CCE3AD1C0D8C4A00DB9F69 /* Frameworks */,
				06CCE3AE1C0D8C4A00DB9F69 /* Resources */,
			);
			buildRules = (
			);
			dependencies = (
				06CCE3B21C0D8C4A00DB9F69 /* PBXTargetDependency */,
			);
			name = AliPayDemoTests;
			productName = AliPayDemoTests;
			productReference = 06CCE3B01C0D8C4A00DB9F69 /* AliPayDemoTests.xctest */;
			productType = "com.apple.product-type.bundle.unit-test";
		};
		06CCE3BA1C0D8C4A00DB9F69 /* AliPayDemoUITests */ = {
			isa = PBXNativeTarget;
			buildConfigurationList = 06CCE3CA1C0D8C4A00DB9F69 /* Build configuration list for PBXNativeTarget "AliPayDemoUITests" */;
			buildPhases = (
				06CCE3B71C0D8C4A00DB9F69 /* Sources */,
				06CCE3B81C0D8C4A00DB9F69 /* Frameworks */,
				06CCE3B91C0D8C4A00DB9F69 /* Resources */,
			);
			buildRules = (
			);
			dependencies = (
				06CCE3BD1C0D8C4A00DB9F69 /* PBXTargetDependency */,
			);
			name = AliPayDemoUITests;
			productName = AliPayDemoUITests;
			productReference = 06CCE3BB1C0D8C4A00DB9F69 /* AliPayDemoUITests.xctest */;
			productType = "com.apple.product-type.bundle.ui-testing";
		};
/* End PBXNativeTarget section */

/* Begin PBXProject section */
		06CCE38F1C0D8C4A00DB9F69 /* Project object */ = {
			isa = PBXProject;
			attributes = {
				LastUpgradeCheck = 0710;
				ORGANIZATIONNAME = zyh;
				TargetAttributes = {
					06CCE3961C0D8C4A00DB9F69 = {
						CreatedOnToolsVersion = 7.1.1;
					};
					06CCE3AF1C0D8C4A00DB9F69 = {
						CreatedOnToolsVersion = 7.1.1;
						TestTargetID = 06CCE3961C0D8C4A00DB9F69;
					};
					06CCE3BA1C0D8C4A00DB9F69 = {
						CreatedOnToolsVersion = 7.1.1;
						TestTargetID = 06CCE3961C0D8C4A00DB9F69;
					};
				};
			};
			buildConfigurationList = 06CCE3921C0D8C4A00DB9F69 /* Build configuration list for PBXProject "AliPayDemo" */;
			compatibilityVersion = "Xcode 3.2";
			developmentRegion = English;
			hasScannedForEncodings = 0;
			knownRegions = (
				en,
				Base,
			);
			mainGroup = 06CCE38E1C0D8C4A00DB9F69;
			productRefGroup = 06CCE3981C0D8C4A00DB9F69 /* Products */;
			projectDirPath = "";
			projectRoot = "";
			targets = (
				06CCE3961C0D8C4A00DB9F69 /* AliPayDemo */,
				06CCE3AF1C0D8C4A00DB9F69 /* AliPayDemoTests */,
				06CCE3BA1C0D8C4A00DB9F69 /* AliPayDemoUITests */,
			);
		};
/* End PBXProject section */

/* Begin PBXResourcesBuildPhase section */
		06CCE3951C0D8C4A00DB9F69 /* Resources */ = {
			isa = PBXResourcesBuildPhase;
			buildActionMask = 2147483647;
			files = (
				06CCE3AA1C0D8C4A00DB9F69 /* LaunchScreen.storyboard in Resources */,
				06CCE3A71C0D8C4A00DB9F69 /* Assets.xcassets in Resources */,
				06CCE3A51C0D8C4A00DB9F69 /* Main.storyboard in Resources */,
			);
			runOnlyForDeploymentPostprocessing = 0;
		};
		06CCE3AE1C0D8C4A00DB9F69 /* Resources */ = {
			isa = PBXResourcesBuildPhase;
			buildActionMask = 2147483647;
			files = (
			);
			runOnlyForDeploymentPostprocessing = 0;
		};
		06CCE3B91C0D8C4A00DB9F69 /* Resources */ = {
			isa = PBXResourcesBuildPhase;
			buildActionMask = 2147483647;
			files = (
			);
			runOnlyForDeploymentPostprocessing = 0;
		};
/* End PBXResourcesBuildPhase section */

/* Begin PBXSourcesBuildPhase section */
		06CCE3931C0D8C4A00DB9F69 /* Sources */ = {
			isa = PBXSourcesBuildPhase;
			buildActionMask = 2147483647;
			files = (
				06CCE3A21C0D8C4A00DB9F69 /* ViewController.m in Sources */,
				06CCE39F1C0D8C4A00DB9F69 /* AppDelegate.m in Sources */,
				06CCE39C1C0D8C4A00DB9F69 /* main.m in Sources */,
			);
			runOnlyForDeploymentPostprocessing = 0;
		};
		06CCE3AC1C0D8C4A00DB9F69 /* Sources */ = {
			isa = PBXSourcesBuildPhase;
			buildActionMask = 2147483647;
			files = (
				06CCE3B51C0D8C4A00DB9F69 /* AliPayDemoTests.m in Sources */,
			);
			runOnlyForDeploymentPostprocessing = 0;
		};
		06CCE3B71C0D8C4A00DB9F69 /* Sources */ = {
			isa = PBXSourcesBuildPhase;
			buildActionMask = 2147483647;
			files = (
				06CCE3C01C0D8C4A00DB9F69 /* AliPayDemoUITests.m in Sources */,
			);
			runOnlyForDeploymentPostprocessing = 0;
		};
/* End PBXSourcesBuildPhase section */

/* Begin PBXTargetDependency section */
		06CCE3B21C0D8C4A00DB9F69 /* PBXTargetDependency */ = {
			isa = PBXTargetDependency;
			target = 06CCE3961C0D8C4A00DB9F69 /* AliPayDemo */;
			targetProxy = 06CCE3B11C0D8C4A00DB9F69 /* PBXContainerItemProxy */;
		};
		06CCE3BD1C0D8C4A00DB9F69 /* PBXTargetDependency */ = {
			isa = PBXTargetDependency;
			target = 06CCE3961C0D8C4A00DB9F69 /* AliPayDemo */;
			targetProxy = 06CCE3BC1C0D8C4A00DB9F69 /* PBXContainerItemProxy */;
		};
/* End PBXTargetDependency section */

/* Begin PBXVariantGroup section */
		06CCE3A31C0D8C4A00DB9F69 /* Main.storyboard */ = {
			isa = PBXVariantGroup;
			children = (
				06CCE3A41C0D8C4A00DB9F69 /* Base */,
			);
			name = Main.storyboard;
			sourceTree = "<group>";
		};
		06CCE3A81C0D8C4A00DB9F69 /* LaunchScreen.storyboard */ = {
			isa = PBXVariantGroup;
			children = (
				06CCE3A91C0D8C4A00DB9F69 /* Base */,
			);
			name = LaunchScreen.storyboard;
			sourceTree = "<group>";
		};
/* End PBXVariantGroup section */

/* Begin XCBuildConfiguration section */
		06CCE3C21C0D8C4A00DB9F69 /* Debug */ = {
			isa = XCBuildConfiguration;
			buildSettings = {
				ALWAYS_SEARCH_USER_PATHS = NO;
				CLANG_CXX_LANGUAGE_STANDARD = "gnu++0x";
				CLANG_CXX_LIBRARY = "libc++";
				CLANG_ENABLE_MODULES = YES;
				CLANG_ENABLE_OBJC_ARC = YES;
				CLANG_WARN_BOOL_CONVERSION = YES;
				CLANG_WARN_CONSTANT_CONVERSION = YES;
				CLANG_WARN_DIRECT_OBJC_ISA_USAGE = YES_ERROR;
				CLANG_WARN_EMPTY_BODY = YES;
				CLANG_WARN_ENUM_CONVERSION = YES;
				CLANG_WARN_INT_CONVERSION = YES;
				CLANG_WARN_OBJC_ROOT_CLASS = YES_ERROR;
				CLANG_WARN_UNREACHABLE_CODE = YES;
				CLANG_WARN__DUPLICATE_METHOD_MATCH = YES;
				"CODE_SIGN_IDENTITY[sdk=iphoneos*]" = "iPhone Developer";
				COPY_PHASE_STRIP = NO;
				DEBUG_INFORMATION_FORMAT = dwarf;
				ENABLE_STRICT_OBJC_MSGSEND = YES;
				ENABLE_TESTABILITY = YES;
				GCC_C_LANGUAGE_STANDARD = gnu99;
				GCC_DYNAMIC_NO_PIC = NO;
				GCC_NO_COMMON_BLOCKS = YES;
				GCC_OPTIMIZATION_LEVEL = 0;
				GCC_PREPROCESSOR_DEFINITIONS = (
					"DEBUG=1",
					"$(inherited)",
				);
				GCC_WARN_64_TO_32_BIT_CONVERSION = YES;
				GCC_WARN_ABOUT_RETURN_TYPE = YES_ERROR;
				GCC_WARN_UNDECLARED_SELECTOR = YES;
				GCC_WARN_UNINITIALIZED_AUTOS = YES_AGGRESSIVE;
				GCC_WARN_UNUSED_FUNCTION = YES;
				GCC_WARN_UNUSED_VARIABLE = YES;
				IPHONEOS_DEPLOYMENT_TARGET = 9.1;
				MTL_ENABLE_DEBUG_INFO = YES;
				ONLY_ACTIVE_ARCH = YES;
				SDKROOT = iphoneos;
				TARGETED_DEVICE_FAMILY = "1,2";
			};
			name = Debug;
		};
		06CCE3C31C0D8C4A00DB9F69 /* Release */ = {
			isa = XCBuildConfiguration;
			buildSettings = {
				ALWAYS_SEARCH_USER_PATHS = NO;
				CLANG_CXX_LANGUAGE_STANDARD = "gnu++0x";
				CLANG_CXX_LIBRARY = "libc++";
				CLANG_ENABLE_MODULES = YES;
				CLANG_ENABLE_OBJC_ARC = YES;
				CLANG_WARN_BOOL_CONVERSION = YES;
				CLANG_WARN_CONSTANT_CONVERSION = YES;
				CLANG_WARN_DIRECT_OBJC_ISA_USAGE = YES_ERROR;
				CLANG_WARN_EMPTY_BODY = YES;
				CLANG_WARN_ENUM_CONVERSION = YES;
				CLANG_WARN_INT_CONVERSION = YES;
				CLANG_WARN_OBJC_ROOT_CLASS = YES_ERROR;
				CLANG_WARN_UNREACHABLE_CODE = YES;
				CLANG_WARN__DUPLICATE_METHOD_MATCH = YES;
				"CODE_SIGN_IDENTITY[sdk=iphoneos*]" = "iPhone Developer";
				COPY_PHASE_STRIP = NO;
				DEBUG_INFORMATION_FORMAT = "dwarf-with-dsym";
				ENABLE_NS_ASSERTIONS = NO;
				ENABLE_STRICT_OBJC_MSGSEND = YES;
				GCC_C_LANGUAGE_STANDARD = gnu99;
				GCC_NO_COMMON_BLOCKS = YES;
				GCC_WARN_64_TO_32_BIT_CONVERSION = YES;
				GCC_WARN_ABOUT_RETURN_TYPE = YES_ERROR;
				GCC_WARN_UNDECLARED_SELECTOR = YES;
				GCC_WARN_UNINITIALIZED_AUTOS = YES_AGGRESSIVE;
				GCC_WARN_UNUSED_FUNCTION = YES;
				GCC_WARN_UNUSED_VARIABLE = YES;
				IPHONEOS_DEPLOYMENT_TARGET = 9.1;
				MTL_ENABLE_DEBUG_INFO = NO;
				SDKROOT = iphoneos;
				TARGETED_DEVICE_FAMILY = "1,2";
				VALIDATE_PRODUCT = YES;
			};
			name = Release;
		};
		06CCE3C51C0D8C4A00DB9F69 /* Debug */ = {
			isa = XCBuildConfiguration;
			buildSettings = {
				ASSETCATALOG_COMPILER_APPICON_NAME = AppIcon;
				INFOPLIST_FILE = AliPayDemo/Info.plist;
				LD_RUNPATH_SEARCH_PATHS = "$(inherited) @executable_path/Frameworks";
				PRODUCT_BUNDLE_IDENTIFIER = yunfeng.AliPayDemo;
				PRODUCT_NAME = "$(TARGET_NAME)";
			};
			name = Debug;
		};
		06CCE3C61C0D8C4A00DB9F69 /* Release */ = {
			isa = XCBuildConfiguration;
			buildSettings = {
				ASSETCATALOG_COMPILER_APPICON_NAME = AppIcon;
				INFOPLIST_FILE = AliPayDemo/Info.plist;
				LD_RUNPATH_SEARCH_PATHS = "$(inherited) @executable_path/Frameworks";
				PRODUCT_BUNDLE_IDENTIFIER = yunfeng.AliPayDemo;
				PRODUCT_NAME = "$(TARGET_NAME)";
			};
			name = Release;
		};
		06CCE3C81C0D8C4A00DB9F69 /* Debug */ = {
			isa = XCBuildConfiguration;
			buildSettings = {
				BUNDLE_LOADER = "$(TEST_HOST)";
				INFOPLIST_FILE = AliPayDemoTests/Info.plist;
				LD_RUNPATH_SEARCH_PATHS = "$(inherited) @executable_path/Frameworks @loader_path/Frameworks";
				PRODUCT_BUNDLE_IDENTIFIER = yunfeng.AliPayDemoTests;
				PRODUCT_NAME = "$(TARGET_NAME)";
				TEST_HOST = "$(BUILT_PRODUCTS_DIR)/AliPayDemo.app/AliPayDemo";
			};
			name = Debug;
		};
		06CCE3C91C0D8C4A00DB9F69 /* Release */ = {
			isa = XCBuildConfiguration;
			buildSettings = {
				BUNDLE_LOADER = "$(TEST_HOST)";
				INFOPLIST_FILE = AliPayDemoTests/Info.plist;
				LD_RUNPATH_SEARCH_PATHS = "$(inherited) @executable_path/Frameworks @loader_path/Frameworks";
				PRODUCT_BUNDLE_IDENTIFIER = yunfeng.AliPayDemoTests;
				PRODUCT_NAME = "$(TARGET_NAME)";
				TEST_HOST = "$(BUILT_PRODUCTS_DIR)/AliPayDemo.app/AliPayDemo";
			};
			name = Release;
		};
		06CCE3CB1C0D8C4A00DB9F69 /* Debug */ = {
			isa = XCBuildConfiguration;
			buildSettings = {
				INFOPLIST_FILE = AliPayDemoUITests/Info.plist;
				LD_RUNPATH_SEARCH_PATHS = "$(inherited) @executable_path/Frameworks @loader_path/Frameworks";
				PRODUCT_BUNDLE_IDENTIFIER = yunfeng.AliPayDemoUITests;
				PRODUCT_NAME = "$(TARGET_NAME)";
				TEST_TARGET_NAME = AliPayDemo;
				USES_XCTRUNNER = YES;
			};
			name = Debug;
		};
		06CCE3CC1C0D8C4A00DB9F69 /* Release */ = {
			isa = XCBuildConfiguration;
			buildSettings = {
				INFOPLIST_FILE = AliPayDemoUITests/Info.plist;
				LD_RUNPATH_SEARCH_PATHS = "$(inherited) @executable_path/Frameworks @loader_path/Frameworks";
				PRODUCT_BUNDLE_IDENTIFIER = yunfeng.AliPayDemoUITests;
				PRODUCT_NAME = "$(TARGET_NAME)";
				TEST_TARGET_NAME = AliPayDemo;
				USES_XCTRUNNER = YES;
			};
			name = Release;
		};
/* End XCBuildConfiguration section */

/* Begin XCConfigurationList section */
		06CCE3921C0D8C4A00DB9F69 /* Build configuration list for PBXProject "AliPayDemo" */ = {
			isa = XCConfigurationList;
			buildConfigurations = (
				06CCE3C21C0D8C4A00DB9F69 /* Debug */,
				06CCE3C31C0D8C4A00DB9F69 /* Release */,
			);
			defaultConfigurationIsVisible = 0;
			defaultConfigurationName = Release;
		};
		06CCE3C41C0D8C4A00DB9F69 /* Build configuration list for PBXNativeTarget "AliPayDemo" */ = {
			isa = XCConfigurationList;
			buildConfigurations = (
				06CCE3C51C0D8C4A00DB9F69 /* Debug */,
				06CCE3C61C0D8C4A00DB9F69 /* Release */,
			);
			defaultConfigurationIsVisible = 0;
		};
		06CCE3C71C0D8C4A00DB9F69 /* Build configuration list for PBXNativeTarget "AliPayDemoTests" */ = {
			isa = XCConfigurationList;
			buildConfigurations = (
				06CCE3C81C0D8C4A00DB9F69 /* Debug */,
				06CCE3C91C0D8C4A00DB9F69 /* Release */,
			);
			defaultConfigurationIsVisible = 0;
		};
		06CCE3CA1C0D8C4A00DB9F69 /* Build configuration list for PBXNativeTarget "AliPayDemoUITests" */ = {
			isa = XCConfigurationList;
			buildConfigurations = (
				06CCE3CB1C0D8C4A00DB9F69 /* Debug */,
				06CCE3CC1C0D8C4A00DB9F69 /* Release */,
			);
			defaultConfigurationIsVisible = 0;
		};
/* End XCConfigurationList section */
	};
	rootObject = 06CCE38F1C0D8C4A00DB9F69 /* Project object */;
}
